
Microsoft Visual Studio Solution File, Format Version 12.00
# Visual Studio Version 16
VisualStudioVersion = 16.0.30621.155
MinimumVisualStudioVersion = 10.0.40219.1
Project("{FAE04EC0-301F-11D3-BF4B-00C04F79EFBC}") = "13-Static Nedir", "13-Static Nedir\13-Static Nedir.csproj", "{7CAE6DB8-273A-4C1B-BC5E-AAA886AD0135}"
EndProject
Global
	GlobalSection(SolutionConfigurationPlatforms) = preSolution
		Debug|Any CPU = Debug|Any CPU
		Release|Any CPU = Release|Any CPU
	EndGlobalSection
	GlobalSection(ProjectConfigurationPlatforms) = postSolution
		{7CAE6DB8-273A-4C1B-BC5E-AAA886AD0135}.Debug|Any CPU.ActiveCfg = Debug|Any CPU
		{7CAE6DB8-273A-4C1B-BC5E-AAA886AD0135}.Debug|Any CPU.Build.0 = Debug|Any CPU
		{7CAE6DB8-273A-4C1B-BC5E-AAA886AD0135}.Release|Any CPU.ActiveCfg = Release|Any CPU
		{7CAE6DB8-273A-4C1B-BC5E-AAA886AD0135}.Release|Any CPU.Build.0 = Release|Any CPU
	EndGlobalSection
	GlobalSection(SolutionProperties) = preSolution
		HideSolutionNode = FALSE
	EndGlobalSection
	GlobalSection(ExtensibilityGlobals) = postSolution
		SolutionGuid = {A39F87E4-119F-4BFE-A283-2DD7D0445DAA}
	EndGlobalSection
EndGlobal
