
Microsoft Visual Studio Solution File, Format Version 12.00
# Visual Studio Version 16
VisualStudioVersion = 16.0.30621.155
MinimumVisualStudioVersion = 10.0.40219.1
Project("{FAE04EC0-301F-11D3-BF4B-00C04F79EFBC}") = "4-Diziler", "4-Diziler\4-Diziler.csproj", "{2FB04878-A9D3-4BDE-91EF-856F061DD19E}"
EndProject
Global
	GlobalSection(SolutionConfigurationPlatforms) = preSolution
		Debug|Any CPU = Debug|Any CPU
		Release|Any CPU = Release|Any CPU
	EndGlobalSection
	GlobalSection(ProjectConfigurationPlatforms) = postSolution
		{2FB04878-A9D3-4BDE-91EF-856F061DD19E}.Debug|Any CPU.ActiveCfg = Debug|Any CPU
		{2FB04878-A9D3-4BDE-91EF-856F061DD19E}.Debug|Any CPU.Build.0 = Debug|Any CPU
		{2FB04878-A9D3-4BDE-91EF-856F061DD19E}.Release|Any CPU.ActiveCfg = Release|Any CPU
		{2FB04878-A9D3-4BDE-91EF-856F061DD19E}.Release|Any CPU.Build.0 = Release|Any CPU
	EndGlobalSection
	GlobalSection(SolutionProperties) = preSolution
		HideSolutionNode = FALSE
	EndGlobalSection
	GlobalSection(ExtensibilityGlobals) = postSolution
		SolutionGuid = {972F218E-A9CB-4344-8934-BEA6A6AD12F9}
	EndGlobalSection
EndGlobal
