
Microsoft Visual Studio Solution File, Format Version 12.00
# Visual Studio Version 16
VisualStudioVersion = 16.0.30621.155
MinimumVisualStudioVersion = 10.0.40219.1
Project("{FAE04EC0-301F-11D3-BF4B-00C04F79EFBC}") = "23- List Generic Nedir", "23- List Generic Nedir\23- List Generic Nedir.csproj", "{55D4040D-9158-428A-BD20-96FC706E2F07}"
EndProject
Global
	GlobalSection(SolutionConfigurationPlatforms) = preSolution
		Debug|Any CPU = Debug|Any CPU
		Release|Any CPU = Release|Any CPU
	EndGlobalSection
	GlobalSection(ProjectConfigurationPlatforms) = postSolution
		{55D4040D-9158-428A-BD20-96FC706E2F07}.Debug|Any CPU.ActiveCfg = Debug|Any CPU
		{55D4040D-9158-428A-BD20-96FC706E2F07}.Debug|Any CPU.Build.0 = Debug|Any CPU
		{55D4040D-9158-428A-BD20-96FC706E2F07}.Release|Any CPU.ActiveCfg = Release|Any CPU
		{55D4040D-9158-428A-BD20-96FC706E2F07}.Release|Any CPU.Build.0 = Release|Any CPU
	EndGlobalSection
	GlobalSection(SolutionProperties) = preSolution
		HideSolutionNode = FALSE
	EndGlobalSection
	GlobalSection(ExtensibilityGlobals) = postSolution
		SolutionGuid = {C64B0B54-4E70-4D91-9EA5-D663D3438223}
	EndGlobalSection
EndGlobal
