
Microsoft Visual Studio Solution File, Format Version 12.00
# Visual Studio Version 16
VisualStudioVersion = 16.0.32228.343
MinimumVisualStudioVersion = 10.0.40219.1
Project("{FAE04EC0-301F-11D3-BF4B-00C04F79EFBC}") = "Banka_Simulasyon", "Banka_Simulasyon\Banka_Simulasyon.csproj", "{135DC1AC-66CA-4F33-8589-97E3FF492B9C}"
EndProject
Global
	GlobalSection(SolutionConfigurationPlatforms) = preSolution
		Debug|Any CPU = Debug|Any CPU
		Release|Any CPU = Release|Any CPU
	EndGlobalSection
	GlobalSection(ProjectConfigurationPlatforms) = postSolution
		{135DC1AC-66CA-4F33-8589-97E3FF492B9C}.Debug|Any CPU.ActiveCfg = Debug|Any CPU
		{135DC1AC-66CA-4F33-8589-97E3FF492B9C}.Debug|Any CPU.Build.0 = Debug|Any CPU
		{135DC1AC-66CA-4F33-8589-97E3FF492B9C}.Release|Any CPU.ActiveCfg = Release|Any CPU
		{135DC1AC-66CA-4F33-8589-97E3FF492B9C}.Release|Any CPU.Build.0 = Release|Any CPU
	EndGlobalSection
	GlobalSection(SolutionProperties) = preSolution
		HideSolutionNode = FALSE
	EndGlobalSection
	GlobalSection(ExtensibilityGlobals) = postSolution
		SolutionGuid = {601EA426-0DD7-4F7C-8145-B09C785626B7}
	EndGlobalSection
EndGlobal
