
Microsoft Visual Studio Solution File, Format Version 12.00
# Visual Studio Version 16
VisualStudioVersion = 16.0.30621.155
MinimumVisualStudioVersion = 10.0.40219.1
Project("{FAE04EC0-301F-11D3-BF4B-00C04F79EFBC}") = "12-Kapsülleme Nedir", "12-Kapsülleme Nedir\12-Kapsülleme Nedir.csproj", "{DCD384A5-CD47-4E82-8361-3327BBBE2E37}"
EndProject
Global
	GlobalSection(SolutionConfigurationPlatforms) = preSolution
		Debug|Any CPU = Debug|Any CPU
		Release|Any CPU = Release|Any CPU
	EndGlobalSection
	GlobalSection(ProjectConfigurationPlatforms) = postSolution
		{DCD384A5-CD47-4E82-8361-3327BBBE2E37}.Debug|Any CPU.ActiveCfg = Debug|Any CPU
		{DCD384A5-CD47-4E82-8361-3327BBBE2E37}.Debug|Any CPU.Build.0 = Debug|Any CPU
		{DCD384A5-CD47-4E82-8361-3327BBBE2E37}.Release|Any CPU.ActiveCfg = Release|Any CPU
		{DCD384A5-CD47-4E82-8361-3327BBBE2E37}.Release|Any CPU.Build.0 = Release|Any CPU
	EndGlobalSection
	GlobalSection(SolutionProperties) = preSolution
		HideSolutionNode = FALSE
	EndGlobalSection
	GlobalSection(ExtensibilityGlobals) = postSolution
		SolutionGuid = {0201DBF7-25A5-4C1F-8233-E5592C63AE7B}
	EndGlobalSection
EndGlobal
