
Microsoft Visual Studio Solution File, Format Version 12.00
# Visual Studio Version 16
VisualStudioVersion = 16.0.30621.155
MinimumVisualStudioVersion = 10.0.40219.1
Project("{FAE04EC0-301F-11D3-BF4B-00C04F79EFBC}") = "1-Degiskenler", "1-Degiskenler\1-Degiskenler.csproj", "{31B74346-4CAC-408C-AEC8-4B913713CDA7}"
EndProject
Global
	GlobalSection(SolutionConfigurationPlatforms) = preSolution
		Debug|Any CPU = Debug|Any CPU
		Release|Any CPU = Release|Any CPU
	EndGlobalSection
	GlobalSection(ProjectConfigurationPlatforms) = postSolution
		{31B74346-4CAC-408C-AEC8-4B913713CDA7}.Debug|Any CPU.ActiveCfg = Debug|Any CPU
		{31B74346-4CAC-408C-AEC8-4B913713CDA7}.Debug|Any CPU.Build.0 = Debug|Any CPU
		{31B74346-4CAC-408C-AEC8-4B913713CDA7}.Release|Any CPU.ActiveCfg = Release|Any CPU
		{31B74346-4CAC-408C-AEC8-4B913713CDA7}.Release|Any CPU.Build.0 = Release|Any CPU
	EndGlobalSection
	GlobalSection(SolutionProperties) = preSolution
		HideSolutionNode = FALSE
	EndGlobalSection
	GlobalSection(ExtensibilityGlobals) = postSolution
		SolutionGuid = {24844D7D-FF21-43E2-84B3-9E5F929799FD}
	EndGlobalSection
EndGlobal
