
Microsoft Visual Studio Solution File, Format Version 12.00
# Visual Studio Version 17
VisualStudioVersion = 17.5.33627.172
MinimumVisualStudioVersion = 10.0.40219.1
Project("{FAE04EC0-301F-11D3-BF4B-00C04F79EFBC}") = "ProjeHareket", "ProjeHareket\ProjeHareket.csproj", "{0452A383-A45A-478E-A6C6-2971FFCD6A2C}"
EndProject
Global
	GlobalSection(SolutionConfigurationPlatforms) = preSolution
		Debug|Any CPU = Debug|Any CPU
		Release|Any CPU = Release|Any CPU
	EndGlobalSection
	GlobalSection(ProjectConfigurationPlatforms) = postSolution
		{0452A383-A45A-478E-A6C6-2971FFCD6A2C}.Debug|Any CPU.ActiveCfg = Debug|Any CPU
		{0452A383-A45A-478E-A6C6-2971FFCD6A2C}.Debug|Any CPU.Build.0 = Debug|Any CPU
		{0452A383-A45A-478E-A6C6-2971FFCD6A2C}.Release|Any CPU.ActiveCfg = Release|Any CPU
		{0452A383-A45A-478E-A6C6-2971FFCD6A2C}.Release|Any CPU.Build.0 = Release|Any CPU
	EndGlobalSection
	GlobalSection(SolutionProperties) = preSolution
		HideSolutionNode = FALSE
	EndGlobalSection
	GlobalSection(ExtensibilityGlobals) = postSolution
		SolutionGuid = {5DD0C66B-883D-4FEF-874F-5067B78C9E86}
	EndGlobalSection
EndGlobal
