
Microsoft Visual Studio Solution File, Format Version 12.00
# Visual Studio Version 16
VisualStudioVersion = 16.0.32228.343
MinimumVisualStudioVersion = 10.0.40219.1
Project("{FAE04EC0-301F-11D3-BF4B-00C04F79EFBC}") = "Veritabani_Mesajlasma_Sistemi", "Veritabani_Mesajlasma_Sistemi\Veritabani_Mesajlasma_Sistemi.csproj", "{A544ED95-02B0-4A95-83EF-13A819DB566E}"
EndProject
Global
	GlobalSection(SolutionConfigurationPlatforms) = preSolution
		Debug|Any CPU = Debug|Any CPU
		Release|Any CPU = Release|Any CPU
	EndGlobalSection
	GlobalSection(ProjectConfigurationPlatforms) = postSolution
		{A544ED95-02B0-4A95-83EF-13A819DB566E}.Debug|Any CPU.ActiveCfg = Debug|Any CPU
		{A544ED95-02B0-4A95-83EF-13A819DB566E}.Debug|Any CPU.Build.0 = Debug|Any CPU
		{A544ED95-02B0-4A95-83EF-13A819DB566E}.Release|Any CPU.ActiveCfg = Release|Any CPU
		{A544ED95-02B0-4A95-83EF-13A819DB566E}.Release|Any CPU.Build.0 = Release|Any CPU
	EndGlobalSection
	GlobalSection(SolutionProperties) = preSolution
		HideSolutionNode = FALSE
	EndGlobalSection
	GlobalSection(ExtensibilityGlobals) = postSolution
		SolutionGuid = {48D385CE-2B11-4DBB-9C40-CF7A81DD85EC}
	EndGlobalSection
EndGlobal
