
Microsoft Visual Studio Solution File, Format Version 12.00
# Visual Studio Version 16
VisualStudioVersion = 16.0.32228.343
MinimumVisualStudioVersion = 10.0.40219.1
Project("{FAE04EC0-301F-11D3-BF4B-00C04F79EFBC}") = "Akaryakit_Stok_Takip", "Akaryakit_Stok_Takip\Akaryakit_Stok_Takip.csproj", "{222AAF81-F172-4834-9238-8F6E38E3F503}"
EndProject
Global
	GlobalSection(SolutionConfigurationPlatforms) = preSolution
		Debug|Any CPU = Debug|Any CPU
		Release|Any CPU = Release|Any CPU
	EndGlobalSection
	GlobalSection(ProjectConfigurationPlatforms) = postSolution
		{222AAF81-F172-4834-9238-8F6E38E3F503}.Debug|Any CPU.ActiveCfg = Debug|Any CPU
		{222AAF81-F172-4834-9238-8F6E38E3F503}.Debug|Any CPU.Build.0 = Debug|Any CPU
		{222AAF81-F172-4834-9238-8F6E38E3F503}.Release|Any CPU.ActiveCfg = Release|Any CPU
		{222AAF81-F172-4834-9238-8F6E38E3F503}.Release|Any CPU.Build.0 = Release|Any CPU
	EndGlobalSection
	GlobalSection(SolutionProperties) = preSolution
		HideSolutionNode = FALSE
	EndGlobalSection
	GlobalSection(ExtensibilityGlobals) = postSolution
		SolutionGuid = {8891FD60-2194-4F0B-86F0-A501F2AC12C6}
	EndGlobalSection
EndGlobal
