
Microsoft Visual Studio Solution File, Format Version 12.00
# Visual Studio Version 16
VisualStudioVersion = 16.0.30621.155
MinimumVisualStudioVersion = 10.0.40219.1
Project("{FAE04EC0-301F-11D3-BF4B-00C04F79EFBC}") = "2-KararYapıları", "2-KararYapıları\2-KararYapıları.csproj", "{B6F7ADBE-84AA-4206-A165-5112CDC1A950}"
EndProject
Global
	GlobalSection(SolutionConfigurationPlatforms) = preSolution
		Debug|Any CPU = Debug|Any CPU
		Release|Any CPU = Release|Any CPU
	EndGlobalSection
	GlobalSection(ProjectConfigurationPlatforms) = postSolution
		{B6F7ADBE-84AA-4206-A165-5112CDC1A950}.Debug|Any CPU.ActiveCfg = Debug|Any CPU
		{B6F7ADBE-84AA-4206-A165-5112CDC1A950}.Debug|Any CPU.Build.0 = Debug|Any CPU
		{B6F7ADBE-84AA-4206-A165-5112CDC1A950}.Release|Any CPU.ActiveCfg = Release|Any CPU
		{B6F7ADBE-84AA-4206-A165-5112CDC1A950}.Release|Any CPU.Build.0 = Release|Any CPU
	EndGlobalSection
	GlobalSection(SolutionProperties) = preSolution
		HideSolutionNode = FALSE
	EndGlobalSection
	GlobalSection(ExtensibilityGlobals) = postSolution
		SolutionGuid = {C582B044-722A-44ED-88CA-E8EE5EF730F4}
	EndGlobalSection
EndGlobal
