
Microsoft Visual Studio Solution File, Format Version 12.00
# Visual Studio Version 16
VisualStudioVersion = 16.0.30621.155
MinimumVisualStudioVersion = 10.0.40219.1
Project("{FAE04EC0-301F-11D3-BF4B-00C04F79EFBC}") = "19- Sanal Metot Nedir", "19- Sanal Metot Nedir\19- Sanal Metot Nedir.csproj", "{353939E7-0BAA-4633-923D-A87A77B95072}"
EndProject
Global
	GlobalSection(SolutionConfigurationPlatforms) = preSolution
		Debug|Any CPU = Debug|Any CPU
		Release|Any CPU = Release|Any CPU
	EndGlobalSection
	GlobalSection(ProjectConfigurationPlatforms) = postSolution
		{353939E7-0BAA-4633-923D-A87A77B95072}.Debug|Any CPU.ActiveCfg = Debug|Any CPU
		{353939E7-0BAA-4633-923D-A87A77B95072}.Debug|Any CPU.Build.0 = Debug|Any CPU
		{353939E7-0BAA-4633-923D-A87A77B95072}.Release|Any CPU.ActiveCfg = Release|Any CPU
		{353939E7-0BAA-4633-923D-A87A77B95072}.Release|Any CPU.Build.0 = Release|Any CPU
	EndGlobalSection
	GlobalSection(SolutionProperties) = preSolution
		HideSolutionNode = FALSE
	EndGlobalSection
	GlobalSection(ExtensibilityGlobals) = postSolution
		SolutionGuid = {FCAC7426-C1EA-4D41-BBDA-DB1D9FFEC9C1}
	EndGlobalSection
EndGlobal
